# THIS IS AN AUTOGENERATED FILE. DO NOT EDIT THIS FILE DIRECTLY.
# yarn lockfile v1


"@ethersproject/abi@5.0.13", "@ethersproject/abi@^5.0.10":
  version "5.0.13"
  resolved "https://registry.yarnpkg.com/@ethersproject/abi/-/abi-5.0.13.tgz#600a559c3730467716595658beaa2894b4352bcc"
  dependencies:
    "@ethersproject/address" "^5.0.9"
    "@ethersproject/bignumber" "^5.0.13"
    "@ethersproject/bytes" "^5.0.9"
    "@ethersproject/constants" "^5.0.8"
    "@ethersproject/hash" "^5.0.10"
    "@ethersproject/keccak256" "^5.0.7"
    "@ethersproject/logger" "^5.0.8"
    "@ethersproject/properties" "^5.0.7"
    "@ethersproject/strings" "^5.0.8"

"@ethersproject/abstract-provider@5.0.10", "@ethersproject/abstract-provider@^5.0.8":
  version "5.0.10"
  resolved "https://registry.yarnpkg.com/@ethersproject/abstract-provider/-/abstract-provider-5.0.10.tgz#a533aed39a5f27312745c8c4c40fa25fc884831c"
  dependencies:
    "@ethersproject/bignumber" "^5.0.13"
    "@ethersproject/bytes" "^5.0.9"
    "@ethersproject/logger" "^5.0.8"
    "@ethersproject/networks" "^5.0.7"
    "@ethersproject/properties" "^5.0.7"
    "@ethersproject/transactions" "^5.0.9"
    "@ethersproject/web" "^5.0.12"

"@ethersproject/abstract-signer@5.0.14", "@ethersproject/abstract-signer@^5.0.10":
  version "5.0.14"
  resolved "https://registry.yarnpkg.com/@ethersproject/abstract-signer/-/abstract-signer-5.0.14.tgz#30ef912b0f86599d90fdffc65c110452e7b55cf1"
  dependencies:
    "@ethersproject/abstract-provider" "^5.0.8"
    "@ethersproject/bignumber" "^5.0.13"
    "@ethersproject/bytes" "^5.0.9"
    "@ethersproject/logger" "^5.0.8"
    "@ethersproject/properties" "^5.0.7"

"@ethersproject/address@5.0.11", "@ethersproject/address@^5.0.9":
  version "5.0.11"
  resolved "https://registry.yarnpkg.com/@ethersproject/address/-/address-5.0.11.tgz#12022e8c590c33939beb5ab18b401ecf585eac59"
  dependencies:
    "@ethersproject/bignumber" "^5.0.13"
    "@ethersproject/bytes" "^5.0.9"
    "@ethersproject/keccak256" "^5.0.7"
    "@ethersproject/logger" "^5.0.8"
    "@ethersproject/rlp" "^5.0.7"

"@ethersproject/base64@5.0.9", "@ethersproject/base64@^5.0.7":
  version "5.0.9"
  resolved "https://registry.yarnpkg.com/@ethersproject/base64/-/base64-5.0.9.tgz#bb1f35d3dba92082a574d5e2418f9202a0a1a7e6"
  dependencies:
    "@ethersproject/bytes" "^5.0.9"

"@ethersproject/basex@5.0.9", "@ethersproject/basex@^5.0.7":
  version "5.0.9"
  resolved "https://registry.yarnpkg.com/@ethersproject/basex/-/basex-5.0.9.tgz#00d727a031bac563cb8bb900955206f1bf3cf1fc"
  dependencies:
    "@ethersproject/bytes" "^5.0.9"
    "@ethersproject/properties" "^5.0.7"

"@ethersproject/bignumber@5.0.15", "@ethersproject/bignumber@^5.0.13":
  version "5.0.15"
  resolved "https://registry.yarnpkg.com/@ethersproject/bignumber/-/bignumber-5.0.15.tgz#b089b3f1e0381338d764ac1c10512f0c93b184ed"
  dependencies:
    "@ethersproject/bytes" "^5.0.9"
    "@ethersproject/logger" "^5.0.8"
    bn.js "^4.4.0"

"@ethersproject/bytes@5.0.11", "@ethersproject/bytes@^5.0.9":
  version "5.0.11"
  resolved "https://registry.yarnpkg.com/@ethersproject/bytes/-/bytes-5.0.11.tgz#21118e75b1d00db068984c15530e316021101276"
  dependencies:
    "@ethersproject/logger" "^5.0.8"

"@ethersproject/constants@5.0.10", "@ethersproject/constants@^5.0.8":
  version "5.0.10"
  resolved "https://registry.yarnpkg.com/@ethersproject/constants/-/constants-5.0.10.tgz#eb0c604fbc44c53ba9641eed31a1d0c9e1ebcadc"
  dependencies:
    "@ethersproject/bignumber" "^5.0.13"

"@ethersproject/contracts@5.0.12":
  version "5.0.12"
  resolved "https://registry.yarnpkg.com/@ethersproject/contracts/-/contracts-5.0.12.tgz#6d488db46221258399dfe80b89bf849b3afd7897"
  dependencies:
    "@ethersproject/abi" "^5.0.10"
    "@ethersproject/abstract-provider" "^5.0.8"
    "@ethersproject/abstract-signer" "^5.0.10"
    "@ethersproject/address" "^5.0.9"
    "@ethersproject/bignumber" "^5.0.13"
    "@ethersproject/bytes" "^5.0.9"
    "@ethersproject/constants" "^5.0.8"
    "@ethersproject/logger" "^5.0.8"
    "@ethersproject/properties" "^5.0.7"

"@ethersproject/hash@5.0.12", "@ethersproject/hash@^5.0.10":
  version "5.0.12"
  resolved "https://registry.yarnpkg.com/@ethersproject/hash/-/hash-5.0.12.tgz#1074599f7509e2ca2bb7a3d4f4e39ab3a796da42"
  dependencies:
    "@ethersproject/abstract-signer" "^5.0.10"
    "@ethersproject/address" "^5.0.9"
    "@ethersproject/bignumber" "^5.0.13"
    "@ethersproject/bytes" "^5.0.9"
    "@ethersproject/keccak256" "^5.0.7"
    "@ethersproject/logger" "^5.0.8"
    "@ethersproject/properties" "^5.0.7"
    "@ethersproject/strings" "^5.0.8"

"@ethersproject/hdnode@5.0.10", "@ethersproject/hdnode@^5.0.8":
  version "5.0.10"
  resolved "https://registry.yarnpkg.com/@ethersproject/hdnode/-/hdnode-5.0.10.tgz#f7cdf154bf5d104c76dce2940745fc71d9e7eb1b"
  dependencies:
    "@ethersproject/abstract-signer" "^5.0.10"
    "@ethersproject/basex" "^5.0.7"
    "@ethersproject/bignumber" "^5.0.13"
    "@ethersproject/bytes" "^5.0.9"
    "@ethersproject/logger" "^5.0.8"
    "@ethersproject/pbkdf2" "^5.0.7"
    "@ethersproject/properties" "^5.0.7"
    "@ethersproject/sha2" "^5.0.7"
    "@ethersproject/signing-key" "^5.0.8"
    "@ethersproject/strings" "^5.0.8"
    "@ethersproject/transactions" "^5.0.9"
    "@ethersproject/wordlists" "^5.0.8"

"@ethersproject/json-wallets@5.0.12", "@ethersproject/json-wallets@^5.0.10":
  version "5.0.12"
  resolved "https://registry.yarnpkg.com/@ethersproject/json-wallets/-/json-wallets-5.0.12.tgz#8946a0fcce1634b636313a50330b7d30a24996e8"
  dependencies:
    "@ethersproject/abstract-signer" "^5.0.10"
    "@ethersproject/address" "^5.0.9"
    "@ethersproject/bytes" "^5.0.9"
    "@ethersproject/hdnode" "^5.0.8"
    "@ethersproject/keccak256" "^5.0.7"
    "@ethersproject/logger" "^5.0.8"
    "@ethersproject/pbkdf2" "^5.0.7"
    "@ethersproject/properties" "^5.0.7"
    "@ethersproject/random" "^5.0.7"
    "@ethersproject/strings" "^5.0.8"
    "@ethersproject/transactions" "^5.0.9"
    aes-js "3.0.0"
    scrypt-js "3.0.1"

"@ethersproject/keccak256@5.0.9", "@ethersproject/keccak256@^5.0.7":
  version "5.0.9"
  resolved "https://registry.yarnpkg.com/@ethersproject/keccak256/-/keccak256-5.0.9.tgz#ca0d86e4af56c13b1ef25e533bde3e96d28f647d"
  dependencies:
    "@ethersproject/bytes" "^5.0.9"
    js-sha3 "0.5.7"

"@ethersproject/logger@5.0.10", "@ethersproject/logger@^5.0.8":
  version "5.0.10"
  resolved "https://registry.yarnpkg.com/@ethersproject/logger/-/logger-5.0.10.tgz#fd884688b3143253e0356ef92d5f22d109d2e026"

"@ethersproject/networks@5.0.9", "@ethersproject/networks@^5.0.7":
  version "5.0.9"
  resolved "https://registry.yarnpkg.com/@ethersproject/networks/-/networks-5.0.9.tgz#ec5da11e4d4bfd69bec4eaebc9ace33eb9569279"
  dependencies:
    "@ethersproject/logger" "^5.0.8"

"@ethersproject/pbkdf2@5.0.9", "@ethersproject/pbkdf2@^5.0.7":
  version "5.0.9"
  resolved "https://registry.yarnpkg.com/@ethersproject/pbkdf2/-/pbkdf2-5.0.9.tgz#be39c7f0a66c0d3cb1ad1dbb12a78e9bcdf9b5ae"
  dependencies:
    "@ethersproject/bytes" "^5.0.9"
    "@ethersproject/sha2" "^5.0.7"

"@ethersproject/properties@5.0.9", "@ethersproject/properties@^5.0.7":
  version "5.0.9"
  resolved "https://registry.yarnpkg.com/@ethersproject/properties/-/properties-5.0.9.tgz#d7aae634680760136ea522e25c3ef043ec15b5c2"
  dependencies:
    "@ethersproject/logger" "^5.0.8"

"@ethersproject/providers@5.0.24":
  version "5.0.24"
  resolved "https://registry.yarnpkg.com/@ethersproject/providers/-/providers-5.0.24.tgz#4c638a029482d052faa18364b5e0e2d3ddd9c0cb"
  dependencies:
    "@ethersproject/abstract-provider" "^5.0.8"
    "@ethersproject/abstract-signer" "^5.0.10"
    "@ethersproject/address" "^5.0.9"
    "@ethersproject/basex" "^5.0.7"
    "@ethersproject/bignumber" "^5.0.13"
    "@ethersproject/bytes" "^5.0.9"
    "@ethersproject/constants" "^5.0.8"
    "@ethersproject/hash" "^5.0.10"
    "@ethersproject/logger" "^5.0.8"
    "@ethersproject/networks" "^5.0.7"
    "@ethersproject/properties" "^5.0.7"
    "@ethersproject/random" "^5.0.7"
    "@ethersproject/rlp" "^5.0.7"
    "@ethersproject/sha2" "^5.0.7"
    "@ethersproject/strings" "^5.0.8"
    "@ethersproject/transactions" "^5.0.9"
    "@ethersproject/web" "^5.0.12"
    bech32 "1.1.4"
    ws "7.2.3"

"@ethersproject/random@5.0.9", "@ethersproject/random@^5.0.7":
  version "5.0.9"
  resolved "https://registry.yarnpkg.com/@ethersproject/random/-/random-5.0.9.tgz#1903d4436ba66e4c8ac77968b16f756abea3a0d0"
  dependencies:
    "@ethersproject/bytes" "^5.0.9"
    "@ethersproject/logger" "^5.0.8"

"@ethersproject/rlp@5.0.9", "@ethersproject/rlp@^5.0.7":
  version "5.0.9"
  resolved "https://registry.yarnpkg.com/@ethersproject/rlp/-/rlp-5.0.9.tgz#da205bf8a34d3c3409eb73ddd237130a4b376aff"
  dependencies:
    "@ethersproject/bytes" "^5.0.9"
    "@ethersproject/logger" "^5.0.8"

"@ethersproject/sha2@5.0.9", "@ethersproject/sha2@^5.0.7":
  version "5.0.9"
  resolved "https://registry.yarnpkg.com/@ethersproject/sha2/-/sha2-5.0.9.tgz#41275ee03e6e1660b3c997754005e089e936adc6"
  dependencies:
    "@ethersproject/bytes" "^5.0.9"
    "@ethersproject/logger" "^5.0.8"
    hash.js "1.1.3"

"@ethersproject/signing-key@5.0.11", "@ethersproject/signing-key@^5.0.8":
  version "5.0.11"
  resolved "https://registry.yarnpkg.com/@ethersproject/signing-key/-/signing-key-5.0.11.tgz#19fc5c4597e18ad0a5efc6417ba5b74069fdd2af"
  dependencies:
    "@ethersproject/bytes" "^5.0.9"
    "@ethersproject/logger" "^5.0.8"
    "@ethersproject/properties" "^5.0.7"
    elliptic "6.5.4"

"@ethersproject/solidity@5.0.10":
  version "5.0.10"
  resolved "https://registry.yarnpkg.com/@ethersproject/solidity/-/solidity-5.0.10.tgz#128c9289761cf83d81ff62a1195d6079a924a86c"
  dependencies:
    "@ethersproject/bignumber" "^5.0.13"
    "@ethersproject/bytes" "^5.0.9"
    "@ethersproject/keccak256" "^5.0.7"
    "@ethersproject/sha2" "^5.0.7"
    "@ethersproject/strings" "^5.0.8"

"@ethersproject/strings@5.0.10", "@ethersproject/strings@^5.0.8":
  version "5.0.10"
  resolved "https://registry.yarnpkg.com/@ethersproject/strings/-/strings-5.0.10.tgz#ddce1e9724f4ac4f3f67e0cac0b48748e964bfdb"
  dependencies:
    "@ethersproject/bytes" "^5.0.9"
    "@ethersproject/constants" "^5.0.8"
    "@ethersproject/logger" "^5.0.8"

"@ethersproject/transactions@5.0.11", "@ethersproject/transactions@^5.0.9":
  version "5.0.11"
  resolved "https://registry.yarnpkg.com/@ethersproject/transactions/-/transactions-5.0.11.tgz#b31df5292f47937136a45885d6ee6112477c13df"
  dependencies:
    "@ethersproject/address" "^5.0.9"
    "@ethersproject/bignumber" "^5.0.13"
    "@ethersproject/bytes" "^5.0.9"
    "@ethersproject/constants" "^5.0.8"
    "@ethersproject/keccak256" "^5.0.7"
    "@ethersproject/logger" "^5.0.8"
    "@ethersproject/properties" "^5.0.7"
    "@ethersproject/rlp" "^5.0.7"
    "@ethersproject/signing-key" "^5.0.8"

"@ethersproject/units@5.0.11":
  version "5.0.11"
  resolved "https://registry.yarnpkg.com/@ethersproject/units/-/units-5.0.11.tgz#f82f6e353ac0d6fa43b17337790f1f9aa72cb4c8"
  dependencies:
    "@ethersproject/bignumber" "^5.0.13"
    "@ethersproject/constants" "^5.0.8"
    "@ethersproject/logger" "^5.0.8"

"@ethersproject/wallet@5.0.12":
  version "5.0.12"
  resolved "https://registry.yarnpkg.com/@ethersproject/wallet/-/wallet-5.0.12.tgz#bfb96f95e066b4b1b4591c4615207b87afedda8b"
  dependencies:
    "@ethersproject/abstract-provider" "^5.0.8"
    "@ethersproject/abstract-signer" "^5.0.10"
    "@ethersproject/address" "^5.0.9"
    "@ethersproject/bignumber" "^5.0.13"
    "@ethersproject/bytes" "^5.0.9"
    "@ethersproject/hash" "^5.0.10"
    "@ethersproject/hdnode" "^5.0.8"
    "@ethersproject/json-wallets" "^5.0.10"
    "@ethersproject/keccak256" "^5.0.7"
    "@ethersproject/logger" "^5.0.8"
    "@ethersproject/properties" "^5.0.7"
    "@ethersproject/random" "^5.0.7"
    "@ethersproject/signing-key" "^5.0.8"
    "@ethersproject/transactions" "^5.0.9"
    "@ethersproject/wordlists" "^5.0.8"

"@ethersproject/web@5.0.14", "@ethersproject/web@^5.0.12":
  version "5.0.14"
  resolved "https://registry.yarnpkg.com/@ethersproject/web/-/web-5.0.14.tgz#6e7bebdd9fb967cb25ee60f44d9218dc0803bac4"
  dependencies:
    "@ethersproject/base64" "^5.0.7"
    "@ethersproject/bytes" "^5.0.9"
    "@ethersproject/logger" "^5.0.8"
    "@ethersproject/properties" "^5.0.7"
    "@ethersproject/strings" "^5.0.8"

"@ethersproject/wordlists@5.0.10", "@ethersproject/wordlists@^5.0.8":
  version "5.0.10"
  resolved "https://registry.yarnpkg.com/@ethersproject/wordlists/-/wordlists-5.0.10.tgz#177b9a0b4d72b9c4f304d08b36612d6c60e9b896"
  dependencies:
    "@ethersproject/bytes" "^5.0.9"
    "@ethersproject/hash" "^5.0.10"
    "@ethersproject/logger" "^5.0.8"
    "@ethersproject/properties" "^5.0.7"
    "@ethersproject/strings" "^5.0.8"

aes-js@3.0.0:
  version "3.0.0"
  resolved "https://registry.yarnpkg.com/aes-js/-/aes-js-3.0.0.tgz#e21df10ad6c2053295bcbb8dab40b09dbea87e4d"

ansi-regex@^2.0.0:
  version "2.1.1"
  resolved "https://registry.yarnpkg.com/ansi-regex/-/ansi-regex-2.1.1.tgz#c3b33ab5ee360d86e0e628f0468ae7ef27d654df"

ansi-regex@^3.0.0:
  version "3.0.0"
  resolved "https://registry.yarnpkg.com/ansi-regex/-/ansi-regex-3.0.0.tgz#ed0317c322064f79466c02966bddb605ab37d998"

bech32@1.1.4:
  version "1.1.4"
  resolved "https://registry.yarnpkg.com/bech32/-/bech32-1.1.4.tgz#e38c9f37bf179b8eb16ae3a772b40c356d4832e9"

bn.js@4.11.6:
  version "4.11.6"
  resolved "https://registry.yarnpkg.com/bn.js/-/bn.js-4.11.6.tgz#53344adb14617a13f6e8dd2ce28905d1c0ba3215"

bn.js@^4.11.9:
  version "4.12.0"
  resolved "https://registry.yarnpkg.com/bn.js/-/bn.js-4.12.0.tgz#775b3f278efbb9718eec7361f483fb36fbbfea88"

bn.js@^4.4.0:
  version "4.11.8"
  resolved "https://registry.yarnpkg.com/bn.js/-/bn.js-4.11.8.tgz#2cde09eb5ee341f484746bb0309b3253b1b1442f"

brorand@^1.0.1, brorand@^1.1.0:
  version "1.1.0"
  resolved "https://registry.yarnpkg.com/brorand/-/brorand-1.1.0.tgz#12c25efe40a45e3c323eb8675a0a0ce57b22371f"

camelcase@^4.1.0:
  version "4.1.0"
  resolved "https://registry.yarnpkg.com/camelcase/-/camelcase-4.1.0.tgz#d545635be1e33c542649c69173e5de6acfae34dd"

cliui@^3.2.0:
  version "3.2.0"
  resolved "https://registry.yarnpkg.com/cliui/-/cliui-3.2.0.tgz#120601537a916d29940f934da3b48d585a39213d"
  dependencies:
    string-width "^1.0.1"
    strip-ansi "^3.0.1"
    wrap-ansi "^2.0.0"

code-point-at@^1.0.0:
  version "1.1.0"
  resolved "https://registry.yarnpkg.com/code-point-at/-/code-point-at-1.1.0.tgz#0d070b4d043a5bea33a2f1a40e2edb3d9a4ccf77"

cross-spawn@^5.0.1:
  version "5.1.0"
  resolved "https://registry.yarnpkg.com/cross-spawn/-/cross-spawn-5.1.0.tgz#e8bd0efee58fcff6f8f94510a0a554bbfa235449"
  dependencies:
    lru-cache "^4.0.1"
    shebang-command "^1.2.0"
    which "^1.2.9"

decamelize@^1.1.1:
  version "1.2.0"
  resolved "https://registry.yarnpkg.com/decamelize/-/decamelize-1.2.0.tgz#f6534d15148269b20352e7bee26f501f9a191290"

elliptic@6.3.2:
  version "6.3.2"
  resolved "https://registry.yarnpkg.com/elliptic/-/elliptic-6.3.2.tgz#e4c81e0829cf0a65ab70e998b8232723b5c1bc48"
  dependencies:
    bn.js "^4.4.0"
    brorand "^1.0.1"
    hash.js "^1.0.0"
    inherits "^2.0.1"

elliptic@6.5.4:
  version "6.5.4"
  resolved "https://registry.yarnpkg.com/elliptic/-/elliptic-6.5.4.tgz#da37cebd31e79a1367e941b592ed1fbebd58abbb"
  dependencies:
    bn.js "^4.11.9"
    brorand "^1.1.0"
    hash.js "^1.0.0"
    hmac-drbg "^1.0.1"
    inherits "^2.0.4"
    minimalistic-assert "^1.0.1"
    minimalistic-crypto-utils "^1.0.1"

ethers@^5.0.18:
  version "5.0.32"
  resolved "https://registry.yarnpkg.com/ethers/-/ethers-5.0.32.tgz#f009970be31d96a589bf0ce597a39c10c7e297a6"
  dependencies:
    "@ethersproject/abi" "5.0.13"
    "@ethersproject/abstract-provider" "5.0.10"
    "@ethersproject/abstract-signer" "5.0.14"
    "@ethersproject/address" "5.0.11"
    "@ethersproject/base64" "5.0.9"
    "@ethersproject/basex" "5.0.9"
    "@ethersproject/bignumber" "5.0.15"
    "@ethersproject/bytes" "5.0.11"
    "@ethersproject/constants" "5.0.10"
    "@ethersproject/contracts" "5.0.12"
    "@ethersproject/hash" "5.0.12"
    "@ethersproject/hdnode" "5.0.10"
    "@ethersproject/json-wallets" "5.0.12"
    "@ethersproject/keccak256" "5.0.9"
    "@ethersproject/logger" "5.0.10"
    "@ethersproject/networks" "5.0.9"
    "@ethersproject/pbkdf2" "5.0.9"
    "@ethersproject/properties" "5.0.9"
    "@ethersproject/providers" "5.0.24"
    "@ethersproject/random" "5.0.9"
    "@ethersproject/rlp" "5.0.9"
    "@ethersproject/sha2" "5.0.9"
    "@ethersproject/signing-key" "5.0.11"
    "@ethersproject/solidity" "5.0.10"
    "@ethersproject/strings" "5.0.10"
    "@ethersproject/transactions" "5.0.11"
    "@ethersproject/units" "5.0.11"
    "@ethersproject/wallet" "5.0.12"
    "@ethersproject/web" "5.0.14"
    "@ethersproject/wordlists" "5.0.10"

ethjs-abi@0.2.0:
  version "0.2.0"
  resolved "https://registry.yarnpkg.com/ethjs-abi/-/ethjs-abi-0.2.0.tgz#d3e2c221011520fc499b71682036c14fcc2f5b25"
  dependencies:
    bn.js "4.11.6"
    js-sha3 "0.5.5"
    number-to-bn "1.7.0"

ethjs-contract@0.1.9:
  version "0.1.9"
  resolved "https://registry.yarnpkg.com/ethjs-contract/-/ethjs-contract-0.1.9.tgz#1c2766896a56d47ec1d6d661829c49cc38a5520a"
  dependencies:
    ethjs-abi "0.2.0"
    ethjs-filter "0.1.5"
    ethjs-util "0.1.3"
    js-sha3 "0.5.5"

ethjs-filter@0.1.5:
  version "0.1.5"
  resolved "https://registry.yarnpkg.com/ethjs-filter/-/ethjs-filter-0.1.5.tgz#0112af6017c24677e32b8fdeb20e6196019b7598"

ethjs-format@0.2.4:
  version "0.2.4"
  resolved "https://registry.yarnpkg.com/ethjs-format/-/ethjs-format-0.2.4.tgz#5bbbc44a5ad24e68ab393312ff9039a73b65bf81"
  dependencies:
    bn.js "4.11.6"
    ethjs-schema "^0.1.9"
    ethjs-util "0.1.3"
    is-hex-prefixed "1.0.0"
    number-to-bn "1.7.0"
    strip-hex-prefix "1.0.0"

ethjs-provider-http@0.1.6:
  version "0.1.6"
  resolved "https://registry.yarnpkg.com/ethjs-provider-http/-/ethjs-provider-http-0.1.6.tgz#1ec5d9b4be257ef1d56a500b22a741985e889420"
  dependencies:
    xhr2 "0.1.3"

ethjs-query@0.3.2:
  version "0.3.2"
  resolved "https://registry.yarnpkg.com/ethjs-query/-/ethjs-query-0.3.2.tgz#f488a48ce1994cd4c77eccb7b52902c6f29cfd85"
  dependencies:
    ethjs-format "0.2.4"
    ethjs-rpc "0.1.8"

ethjs-rpc@0.1.8:
  version "0.1.8"
  resolved "https://registry.yarnpkg.com/ethjs-rpc/-/ethjs-rpc-0.1.8.tgz#1676740e41c7228196a71189d33f15c9c85b599d"

ethjs-schema@^0.1.9:
  version "0.1.9"
  resolved "https://registry.yarnpkg.com/ethjs-schema/-/ethjs-schema-0.1.9.tgz#858c2a5da706ae04812b4ce8b1eb4b4921e33092"

ethjs-signer@~0.1.1:
  version "0.1.1"
  resolved "https://registry.yarnpkg.com/ethjs-signer/-/ethjs-signer-0.1.1.tgz#0af77961e29ee458603aabd3660b8868d3386441"
  dependencies:
    elliptic "6.3.2"
    js-sha3 "0.5.5"
    number-to-bn "1.1.0"
    rlp "2.0.0"
    strip-hex-prefix "1.0.0"

ethjs-unit@0.1.6:
  version "0.1.6"
  resolved "https://registry.yarnpkg.com/ethjs-unit/-/ethjs-unit-0.1.6.tgz#c665921e476e87bce2a9d588a6fe0405b2c41699"
  dependencies:
    bn.js "4.11.6"
    number-to-bn "1.7.0"

ethjs-util@0.1.3:
  version "0.1.3"
  resolved "https://registry.yarnpkg.com/ethjs-util/-/ethjs-util-0.1.3.tgz#dfd5ea4a400dc5e421a889caf47e081ada78bb55"
  dependencies:
    is-hex-prefixed "1.0.0"
    strip-hex-prefix "1.0.0"

ethjs@0.3.1:
  version "0.3.1"
  resolved "https://registry.yarnpkg.com/ethjs/-/ethjs-0.3.1.tgz#038589bb9118218f70b9c38711c3d0d45873d185"
  dependencies:
    bn.js "4.11.6"
    ethjs-abi "0.2.0"
    ethjs-contract "0.1.9"
    ethjs-filter "0.1.5"
    ethjs-provider-http "0.1.6"
    ethjs-query "0.3.2"
    ethjs-unit "0.1.6"
    ethjs-util "0.1.3"
    js-sha3 "0.5.5"
    number-to-bn "1.7.0"

execa@^0.7.0:
  version "0.7.0"
  resolved "https://registry.yarnpkg.com/execa/-/execa-0.7.0.tgz#944becd34cc41ee32a63a9faf27ad5a65fc59777"
  dependencies:
    cross-spawn "^5.0.1"
    get-stream "^3.0.0"
    is-stream "^1.1.0"
    npm-run-path "^2.0.0"
    p-finally "^1.0.0"
    signal-exit "^3.0.0"
    strip-eof "^1.0.0"

find-up@^2.1.0:
  version "2.1.0"
  resolved "https://registry.yarnpkg.com/find-up/-/find-up-2.1.0.tgz#45d1b7e506c717ddd482775a2b77920a3c0c57a7"
  dependencies:
    locate-path "^2.0.0"

get-caller-file@^1.0.1:
  version "1.0.2"
  resolved "https://registry.yarnpkg.com/get-caller-file/-/get-caller-file-1.0.2.tgz#f702e63127e7e231c160a80c1554acb70d5047e5"

get-stream@^3.0.0:
  version "3.0.0"
  resolved "https://registry.yarnpkg.com/get-stream/-/get-stream-3.0.0.tgz#8e943d1358dc37555054ecbe2edb05aa174ede14"

hash.js@1.1.3, hash.js@^1.0.0:
  version "1.1.3"
  resolved "https://registry.yarnpkg.com/hash.js/-/hash.js-1.1.3.tgz#340dedbe6290187151c1ea1d777a3448935df846"
  dependencies:
    inherits "^2.0.3"
    minimalistic-assert "^1.0.0"

hash.js@^1.0.3:
  version "1.1.7"
  resolved "https://registry.yarnpkg.com/hash.js/-/hash.js-1.1.7.tgz#0babca538e8d4ee4a0f8988d68866537a003cf42"
  dependencies:
    inherits "^2.0.3"
    minimalistic-assert "^1.0.1"

hmac-drbg@^1.0.1:
  version "1.0.1"
  resolved "https://registry.yarnpkg.com/hmac-drbg/-/hmac-drbg-1.0.1.tgz#d2745701025a6c775a6c545793ed502fc0c649a1"
  dependencies:
    hash.js "^1.0.3"
    minimalistic-assert "^1.0.0"
    minimalistic-crypto-utils "^1.0.1"

inherits@^2.0.1, inherits@^2.0.3:
  version "2.0.3"
  resolved "https://registry.yarnpkg.com/inherits/-/inherits-2.0.3.tgz#633c2c83e3da42a502f52466022480f4208261de"

inherits@^2.0.4:
  version "2.0.4"
  resolved "https://registry.yarnpkg.com/inherits/-/inherits-2.0.4.tgz#0fa2c64f932917c3433a0ded55363aae37416b7c"

invert-kv@^1.0.0:
  version "1.0.0"
  resolved "https://registry.yarnpkg.com/invert-kv/-/invert-kv-1.0.0.tgz#104a8e4aaca6d3d8cd157a8ef8bfab2d7a3ffdb6"

is-fullwidth-code-point@^1.0.0:
  version "1.0.0"
  resolved "https://registry.yarnpkg.com/is-fullwidth-code-point/-/is-fullwidth-code-point-1.0.0.tgz#ef9e31386f031a7f0d643af82fde50c457ef00cb"
  dependencies:
    number-is-nan "^1.0.0"

is-fullwidth-code-point@^2.0.0:
  version "2.0.0"
  resolved "https://registry.yarnpkg.com/is-fullwidth-code-point/-/is-fullwidth-code-point-2.0.0.tgz#a3b30a5c4f199183167aaab93beefae3ddfb654f"

is-hex-prefixed@1.0.0:
  version "1.0.0"
  resolved "https://registry.yarnpkg.com/is-hex-prefixed/-/is-hex-prefixed-1.0.0.tgz#7d8d37e6ad77e5d127148913c573e082d777f554"

is-stream@^1.1.0:
  version "1.1.0"
  resolved "https://registry.yarnpkg.com/is-stream/-/is-stream-1.1.0.tgz#12d4a3dd4e68e0b79ceb8dbc84173ae80d91ca44"

isexe@^2.0.0:
  version "2.0.0"
  resolved "https://registry.yarnpkg.com/isexe/-/isexe-2.0.0.tgz#e8fbf374dc556ff8947a10dcb0572d633f2cfa10"

js-sha3@0.5.5:
  version "0.5.5"
  resolved "https://registry.yarnpkg.com/js-sha3/-/js-sha3-0.5.5.tgz#baf0c0e8c54ad5903447df96ade7a4a1bca79a4a"

js-sha3@0.5.7:
  version "0.5.7"
  resolved "https://registry.yarnpkg.com/js-sha3/-/js-sha3-0.5.7.tgz#0d4ffd8002d5333aabaf4a23eed2f6374c9f28e7"

lcid@^1.0.0:
  version "1.0.0"
  resolved "https://registry.yarnpkg.com/lcid/-/lcid-1.0.0.tgz#308accafa0bc483a3867b4b6f2b9506251d1b835"
  dependencies:
    invert-kv "^1.0.0"

locate-path@^2.0.0:
  version "2.0.0"
  resolved "https://registry.yarnpkg.com/locate-path/-/locate-path-2.0.0.tgz#2b568b265eec944c6d9c0de9c3dbbbca0354cd8e"
  dependencies:
    p-locate "^2.0.0"
    path-exists "^3.0.0"

lru-cache@^4.0.1:
  version "4.1.1"
  resolved "https://registry.yarnpkg.com/lru-cache/-/lru-cache-4.1.1.tgz#622e32e82488b49279114a4f9ecf45e7cd6bba55"
  dependencies:
    pseudomap "^1.0.2"
    yallist "^2.1.2"

mem@^1.1.0:
  version "1.1.0"
  resolved "https://registry.yarnpkg.com/mem/-/mem-1.1.0.tgz#5edd52b485ca1d900fe64895505399a0dfa45f76"
  dependencies:
    mimic-fn "^1.0.0"

mimic-fn@^1.0.0:
  version "1.1.0"
  resolved "https://registry.yarnpkg.com/mimic-fn/-/mimic-fn-1.1.0.tgz#e667783d92e89dbd342818b5230b9d62a672ad18"

minimalistic-assert@^1.0.0:
  version "1.0.0"
  resolved "https://registry.yarnpkg.com/minimalistic-assert/-/minimalistic-assert-1.0.0.tgz#702be2dda6b37f4836bcb3f5db56641b64a1d3d3"

minimalistic-assert@^1.0.1:
  version "1.0.1"
  resolved "https://registry.yarnpkg.com/minimalistic-assert/-/minimalistic-assert-1.0.1.tgz#2e194de044626d4a10e7f7fbc00ce73e83e4d5c7"

minimalistic-crypto-utils@^1.0.1:
  version "1.0.1"
  resolved "https://registry.yarnpkg.com/minimalistic-crypto-utils/-/minimalistic-crypto-utils-1.0.1.tgz#f6c00c1c0b082246e5c4d99dfb8c7c083b2b582a"

npm-run-path@^2.0.0:
  version "2.0.2"
  resolved "https://registry.yarnpkg.com/npm-run-path/-/npm-run-path-2.0.2.tgz#35a9232dfa35d7067b4cb2ddf2357b1871536c5f"
  dependencies:
    path-key "^2.0.0"

number-is-nan@^1.0.0:
  version "1.0.1"
  resolved "https://registry.yarnpkg.com/number-is-nan/-/number-is-nan-1.0.1.tgz#097b602b53422a522c1afb8790318336941a011d"

number-to-bn@1.1.0:
  version "1.1.0"
  resolved "https://registry.yarnpkg.com/number-to-bn/-/number-to-bn-1.1.0.tgz#51a3387c5bc68035ab4058c626132f767d9d08bf"
  dependencies:
    bn.js "4.11.6"
    is-hex-prefixed "1.0.0"
    strip-hex-prefix "1.0.0"

number-to-bn@1.7.0:
  version "1.7.0"
  resolved "https://registry.yarnpkg.com/number-to-bn/-/number-to-bn-1.7.0.tgz#bb3623592f7e5f9e0030b1977bd41a0c53fe1ea0"
  dependencies:
    bn.js "4.11.6"
    strip-hex-prefix "1.0.0"

os-locale@^2.0.0:
  version "2.1.0"
  resolved "https://registry.yarnpkg.com/os-locale/-/os-locale-2.1.0.tgz#42bc2900a6b5b8bd17376c8e882b65afccf24bf2"
  dependencies:
    execa "^0.7.0"
    lcid "^1.0.0"
    mem "^1.1.0"

p-finally@^1.0.0:
  version "1.0.0"
  resolved "https://registry.yarnpkg.com/p-finally/-/p-finally-1.0.0.tgz#3fbcfb15b899a44123b34b6dcc18b724336a2cae"

p-limit@^1.1.0:
  version "1.1.0"
  resolved "https://registry.yarnpkg.com/p-limit/-/p-limit-1.1.0.tgz#b07ff2d9a5d88bec806035895a2bab66a27988bc"

p-locate@^2.0.0:
  version "2.0.0"
  resolved "https://registry.yarnpkg.com/p-locate/-/p-locate-2.0.0.tgz#20a0103b222a70c8fd39cc2e580680f3dde5ec43"
  dependencies:
    p-limit "^1.1.0"

path-exists@^3.0.0:
  version "3.0.0"
  resolved "https://registry.yarnpkg.com/path-exists/-/path-exists-3.0.0.tgz#ce0ebeaa5f78cb18925ea7d810d7b59b010fd515"

path-key@^2.0.0:
  version "2.0.1"
  resolved "https://registry.yarnpkg.com/path-key/-/path-key-2.0.1.tgz#411cadb574c5a140d3a4b1910d40d80cc9f40b40"

pseudomap@^1.0.2:
  version "1.0.2"
  resolved "https://registry.yarnpkg.com/pseudomap/-/pseudomap-1.0.2.tgz#f052a28da70e618917ef0a8ac34c1ae5a68286b3"

require-directory@^2.1.1:
  version "2.1.1"
  resolved "https://registry.yarnpkg.com/require-directory/-/require-directory-2.1.1.tgz#8c64ad5fd30dab1c976e2344ffe7f792a6a6df42"

require-main-filename@^1.0.1:
  version "1.0.1"
  resolved "https://registry.yarnpkg.com/require-main-filename/-/require-main-filename-1.0.1.tgz#97f717b69d48784f5f526a6c5aa8ffdda055a4d1"

rlp@2.0.0:
  version "2.0.0"
  resolved "https://registry.yarnpkg.com/rlp/-/rlp-2.0.0.tgz#9db384ff4b89a8f61563d92395d8625b18f3afb0"

scrypt-js@3.0.1:
  version "3.0.1"
  resolved "https://registry.yarnpkg.com/scrypt-js/-/scrypt-js-3.0.1.tgz#d314a57c2aef69d1ad98a138a21fe9eafa9ee312"

set-blocking@^2.0.0:
  version "2.0.0"
  resolved "https://registry.yarnpkg.com/set-blocking/-/set-blocking-2.0.0.tgz#045f9782d011ae9a6803ddd382b24392b3d890f7"

shebang-command@^1.2.0:
  version "1.2.0"
  resolved "https://registry.yarnpkg.com/shebang-command/-/shebang-command-1.2.0.tgz#44aac65b695b03398968c39f363fee5deafdf1ea"
  dependencies:
    shebang-regex "^1.0.0"

shebang-regex@^1.0.0:
  version "1.0.0"
  resolved "https://registry.yarnpkg.com/shebang-regex/-/shebang-regex-1.0.0.tgz#da42f49740c0b42db2ca9728571cb190c98efea3"

signal-exit@^3.0.0:
  version "3.0.2"
  resolved "https://registry.yarnpkg.com/signal-exit/-/signal-exit-3.0.2.tgz#b5fdc08f1287ea1178628e415e25132b73646c6d"

string-width@^1.0.1:
  version "1.0.2"
  resolved "https://registry.yarnpkg.com/string-width/-/string-width-1.0.2.tgz#118bdf5b8cdc51a2a7e70d211e07e2b0b9b107d3"
  dependencies:
    code-point-at "^1.0.0"
    is-fullwidth-code-point "^1.0.0"
    strip-ansi "^3.0.0"

string-width@^2.0.0:
  version "2.1.1"
  resolved "https://registry.yarnpkg.com/string-width/-/string-width-2.1.1.tgz#ab93f27a8dc13d28cac815c462143a6d9012ae9e"
  dependencies:
    is-fullwidth-code-point "^2.0.0"
    strip-ansi "^4.0.0"

strip-ansi@^3.0.0, strip-ansi@^3.0.1:
  version "3.0.1"
  resolved "https://registry.yarnpkg.com/strip-ansi/-/strip-ansi-3.0.1.tgz#6a385fb8853d952d5ff05d0e8aaf94278dc63dcf"
  dependencies:
    ansi-regex "^2.0.0"

strip-ansi@^4.0.0:
  version "4.0.0"
  resolved "https://registry.yarnpkg.com/strip-ansi/-/strip-ansi-4.0.0.tgz#a8479022eb1ac368a871389b635262c505ee368f"
  dependencies:
    ansi-regex "^3.0.0"

strip-eof@^1.0.0:
  version "1.0.0"
  resolved "https://registry.yarnpkg.com/strip-eof/-/strip-eof-1.0.0.tgz#bb43ff5598a6eb05d89b59fcd129c983313606bf"

strip-hex-prefix@1.0.0:
  version "1.0.0"
  resolved "https://registry.yarnpkg.com/strip-hex-prefix/-/strip-hex-prefix-1.0.0.tgz#0c5f155fef1151373377de9dbb588da05500e36f"
  dependencies:
    is-hex-prefixed "1.0.0"

which-module@^2.0.0:
  version "2.0.0"
  resolved "https://registry.yarnpkg.com/which-module/-/which-module-2.0.0.tgz#d9ef07dce77b9902b8a3a8fa4b31c3e3f7e6e87a"

which@^1.2.9:
  version "1.3.0"
  resolved "https://registry.yarnpkg.com/which/-/which-1.3.0.tgz#ff04bdfc010ee547d780bec38e1ac1c2777d253a"
  dependencies:
    isexe "^2.0.0"

wrap-ansi@^2.0.0:
  version "2.1.0"
  resolved "https://registry.yarnpkg.com/wrap-ansi/-/wrap-ansi-2.1.0.tgz#d8fc3d284dd05794fe84973caecdd1cf824fdd85"
  dependencies:
    string-width "^1.0.1"
    strip-ansi "^3.0.1"

ws@7.2.3:
  version "7.2.3"
  resolved "https://registry.yarnpkg.com/ws/-/ws-7.2.3.tgz#a5411e1fb04d5ed0efee76d26d5c46d830c39b46"

xhr2@0.1.3:
  version "0.1.3"
  resolved "https://registry.yarnpkg.com/xhr2/-/xhr2-0.1.3.tgz#cbfc4759a69b4a888e78cf4f20b051038757bd11"

y18n@^3.2.1:
  version "3.2.2"
  resolved "https://registry.yarnpkg.com/y18n/-/y18n-3.2.2.tgz#85c901bd6470ce71fc4bb723ad209b70f7f28696"

yallist@^2.1.2:
  version "2.1.2"
  resolved "https://registry.yarnpkg.com/yallist/-/yallist-2.1.2.tgz#1c11f9218f076089a47dd512f93c6699a6a81d52"

yargs-parser@^8.0.0:
  version "8.0.0"
  resolved "https://registry.yarnpkg.com/yargs-parser/-/yargs-parser-8.0.0.tgz#21d476330e5a82279a4b881345bf066102e219c6"
  dependencies:
    camelcase "^4.1.0"

yargs@~10.0.3:
  version "10.0.3"
  resolved "https://registry.yarnpkg.com/yargs/-/yargs-10.0.3.tgz#6542debd9080ad517ec5048fb454efe9e4d4aaae"
  dependencies:
    cliui "^3.2.0"
    decamelize "^1.1.1"
    find-up "^2.1.0"
    get-caller-file "^1.0.1"
    os-locale "^2.0.0"
    require-directory "^2.1.1"
    require-main-filename "^1.0.1"
    set-blocking "^2.0.0"
    string-width "^2.0.0"
    which-module "^2.0.0"
    y18n "^3.2.1"
    yargs-parser "^8.0.0"
